// !$*UTF8*$!
{
	archiveVersion = 1;
	classes = {
	};
	objectVersion = 46;
	objects = {

/* Begin PBXBuildFile section */
		AF5DA3A11DDA9461005EC806 /* AppDelegate.swift in Sources */ = {isa = PBXBuildFile; fileRef = AF5DA3A01DDA9461005EC806 /* AppDelegate.swift */; };
		AF5DA3A31DDA9461005EC806 /* ViewController.swift in Sources */ = {isa = PBXBuildFile; fileRef = AF5DA3A21DDA9461005EC806 /* ViewController.swift */; };
		AF5DA3A61DDA9461005EC806 /* Main.storyboard in Resources */ = {isa = PBXBuildFile; fileRef = AF5DA3A41DDA9461005EC806 /* Main.storyboard */; };
		AF5DA3A81DDA9461005EC806 /* Assets.xcassets in Resources */ = {isa = PBXBuildFile; fileRef = AF5DA3A71DDA9461005EC806 /* Assets.xcassets */; };
		AF5DA3AB1DDA9461005EC806 /* LaunchScreen.storyboard in Resources */ = {isa = PBXBuildFile; fileRef = AF5DA3A91DDA9461005EC806 /* LaunchScreen.storyboard */; };
/* End PBXBuildFile section */

/* Begin PBXFileReference section */
		AF5DA39D1DDA9461005EC806 /* MiraclePill.app */ = {isa = PBXFileReference; explicitFileType = wrapper.application; includeInIndex = 0; path = MiraclePill.app; sourceTree = BUILT_PRODUCTS_DIR; };
		AF5DA3A01DDA9461005EC806 /* AppDelegate.swift */ = {isa = PBXFileReference; lastKnownFileType = sourcecode.swift; path = AppDelegate.swift; sourceTree = "<group>"; };
		AF5DA3A21DDA9461005EC806 /* ViewController.swift */ = {isa = PBXFileReference; lastKnownFileType = sourcecode.swift; path = ViewController.swift; sourceTree = "<group>"; };
		AF5DA3A51DDA9461005EC806 /* Base */ = {isa = PBXFileReference; lastKnownFileType = file.storyboard; name = Base; path = Base.lproj/Main.storyboard; sourceTree = "<group>"; };
		AF5DA3A71DDA9461005EC806 /* Assets.xcassets */ = {isa = PBXFileReference; lastKnownFileType = folder.assetcatalog; path = Assets.xcassets; sourceTree = "<group>"; };
		AF5DA3AA1DDA9461005EC806 /* Base */ = {isa = PBXFileReference; lastKnownFileType = file.storyboard; name = Base; path = Base.lproj/LaunchScreen.storyboard; sourceTree = "<group>"; };
		AF5DA3AC1DDA9461005EC806 /* Info.plist */ = {isa = PBXFileReference; lastKnownFileType = text.plist.xml; path = Info.plist; sourceTree = "<group>"; };
/* End PBXFileReference section */

/* Begin PBXFrameworksBuildPhase section */
		AF5DA39A1DDA9461005EC806 /* Frameworks */ = {
			isa = PBXFrameworksBuildPhase;
			buildActionMask = 2147483647;
			files = (
			);
			runOnlyForDeploymentPostprocessing = 0;
		};
/* End PBXFrameworksBuildPhase section */

/* Begin PBXGroup section */
		AF5DA3941DDA9461005EC806 = {
			isa = PBXGroup;
			children = (
				AF5DA39F1DDA9461005EC806 /* MiraclePill */,
				AF5DA39E1DDA9461005EC806 /* Products */,
			);
			sourceTree = "<group>";
		};
		AF5DA39E1DDA9461005EC806 /* Products */ = {
			isa = PBXGroup;
			children = (
				AF5DA39D1DDA9461005EC806 /* MiraclePill.app */,
			);
			name = Products;
			sourceTree = "<group>";
		};
		AF5DA39F1DDA9461005EC806 /* MiraclePill */ = {
			isa = PBXGroup;
			children = (
				AF5DA3A01DDA9461005EC806 /* AppDelegate.swift */,
				AF5DA3A21DDA9461005EC806 /* ViewController.swift */,
				AF5DA3A41DDA9461005EC806 /* Main.storyboard */,
				AF5DA3A71DDA9461005EC806 /* Assets.xcassets */,
				AF5DA3A91DDA9461005EC806 /* LaunchScreen.storyboard */,
				AF5DA3AC1DDA9461005EC806 /* Info.plist */,
			);
			path = MiraclePill;
			sourceTree = "<group>";
		};
/* End PBXGroup section */

/* Begin PBXNativeTarget section */
		AF5DA39C1DDA9461005EC806 /* MiraclePill */ = {
			isa = PBXNativeTarget;
			buildConfigurationList = AF5DA3AF1DDA9461005EC806 /* Build configuration list for PBXNativeTarget "MiraclePill" */;
			buildPhases = (
				AF5DA3991DDA9461005EC806 /* Sources */,
				AF5DA39A1DDA9461005EC806 /* Frameworks */,
				AF5DA39B1DDA9461005EC806 /* Resources */,
			);
			buildRules = (
			);
			dependencies = (
			);
			name = MiraclePill;
			productName = MiraclePill;
			productReference = AF5DA39D1DDA9461005EC806 /* MiraclePill.app */;
			productType = "com.apple.product-type.application";
		};
/* End PBXNativeTarget section */

/* Begin PBXProject section */
		AF5DA3951DDA9461005EC806 /* Project object */ = {
			isa = PBXProject;
			attributes = {
				LastSwiftUpdateCheck = 0800;
				LastUpgradeCheck = 0800;
				ORGANIZATIONNAME = "Huy Doan";
				TargetAttributes = {
					AF5DA39C1DDA9461005EC806 = {
						CreatedOnToolsVersion = 8.0;
						DevelopmentTeam = 795UB8J9XW;
						ProvisioningStyle = Automatic;
					};
				};
			};
			buildConfigurationList = AF5DA3981DDA9461005EC806 /* Build configuration list for PBXProject "MiraclePill" */;
			compatibilityVersion = "Xcode 3.2";
			developmentRegion = English;
			hasScannedForEncodings = 0;
			knownRegions = (
				en,
				Base,
			);
			mainGroup = AF5DA3941DDA9461005EC806;
			productRefGroup = AF5DA39E1DDA9461005EC806 /* Products */;
			projectDirPath = "";
			projectRoot = "";
			targets = (
				AF5DA39C1DDA9461005EC806 /* MiraclePill */,
			);
		};
/* End PBXProject section */

/* Begin PBXResourcesBuildPhase section */
		AF5DA39B1DDA9461005EC806 /* Resources */ = {
			isa = PBXResourcesBuildPhase;
			buildActionMask = 2147483647;
			files = (
				AF5DA3AB1DDA9461005EC806 /* LaunchScreen.storyboard in Resources */,
				AF5DA3A81DDA9461005EC806 /* Assets.xcassets in Resources */,
				AF5DA3A61DDA9461005EC806 /* Main.storyboard in Resources */,
			);
			runOnlyForDeploymentPostprocessing = 0;
		};
/* End PBXResourcesBuildPhase section */

/* Begin PBXSourcesBuildPhase section */
		AF5DA3991DDA9461005EC806 /* Sources */ = {
			isa = PBXSourcesBuildPhase;
			buildActionMask = 2147483647;
			files = (
				AF5DA3A31DDA9461005EC806 /* ViewController.swift in Sources */,
				AF5DA3A11DDA9461005EC806 /* AppDelegate.swift in Sources */,
			);
			runOnlyForDeploymentPostprocessing = 0;
		};
/* End PBXSourcesBuildPhase section */

/* Begin PBXVariantGroup section */
		AF5DA3A41DDA9461005EC806 /* Main.storyboard */ = {
			isa = PBXVariantGroup;
			children = (
				AF5DA3A51DDA9461005EC806 /* Base */,
			);
			name = Main.storyboard;
			sourceTree = "<group>";
		};
		AF5DA3A91DDA9461005EC806 /* LaunchScreen.storyboard */ = {
			isa = PBXVariantGroup;
			children = (
				AF5DA3AA1DDA9461005EC806 /* Base */,
			);
			name = LaunchScreen.storyboard;
			sourceTree = "<group>";
		};
/* End PBXVariantGroup section */

/* Begin XCBuildConfiguration section */
		AF5DA3AD1DDA9461005EC806 /* Debug */ = {
			isa = XCBuildConfiguration;
			buildSettings = {
				ALWAYS_SEARCH_USER_PATHS = NO;
				CLANG_ANALYZER_NONNULL = YES;
				CLANG_CXX_LANGUAGE_STANDARD = "gnu++0x";
				CLANG_CXX_LIBRARY = "libc++";
				CLANG_ENABLE_MODULES = YES;
				CLANG_ENABLE_OBJC_ARC = YES;
				CLANG_WARN_BOOL_CONVERSION = YES;
				CLANG_WARN_CONSTANT_CONVERSION = YES;
				CLANG_WARN_DIRECT_OBJC_ISA_USAGE = YES_ERROR;
				CLANG_WARN_DOCUMENTATION_COMMENTS = YES;
				CLANG_WARN_EMPTY_BODY = YES;
				CLANG_WARN_ENUM_CONVERSION = YES;
				CLANG_WARN_INFINITE_RECURSION = YES;
				CLANG_WARN_INT_CONVERSION = YES;
				CLANG_WARN_OBJC_ROOT_CLASS = YES_ERROR;
				CLANG_WARN_SUSPICIOUS_MOVES = YES;
				CLANG_WARN_UNREACHABLE_CODE = YES;
				CLANG_WARN__DUPLICATE_METHOD_MATCH = YES;
				"CODE_SIGN_IDENTITY[sdk=iphoneos*]" = "iPhone Developer";
				COPY_PHASE_STRIP = NO;
				DEBUG_INFORMATION_FORMAT = dwarf;
				ENABLE_STRICT_OBJC_MSGSEND = YES;
				ENABLE_TESTABILITY = YES;
				GCC_C_LANGUAGE_STANDARD = gnu99;
				GCC_DYNAMIC_NO_PIC = NO;
				GCC_NO_COMMON_BLOCKS = YES;
				GCC_OPTIMIZATION_LEVEL = 0;
				GCC_PREPROCESSOR_DEFINITIONS = (
					"DEBUG=1",
					"$(inherited)",
				);
				GCC_WARN_64_TO_32_BIT_CONVERSION = YES;
				GCC_WARN_ABOUT_RETURN_TYPE = YES_ERROR;
				GCC_WARN_UNDECLARED_SELECTOR = YES;
				GCC_WARN_UNINITIALIZED_AUTOS = YES_AGGRESSIVE;
				GCC_WARN_UNUSED_FUNCTION = YES;
				GCC_WARN_UNUSED_VARIABLE = YES;
				IPHONEOS_DEPLOYMENT_TARGET = 10.0;
				MTL_ENABLE_DEBUG_INFO = YES;
				ONLY_ACTIVE_ARCH = YES;
				SDKROOT = iphoneos;
				SWIFT_ACTIVE_COMPILATION_CONDITIONS = DEBUG;
				SWIFT_OPTIMIZATION_LEVEL = "-Onone";
				TARGETED_DEVICE_FAMILY = "1,2";
			};
			name = Debug;
		};
		AF5DA3AE1DDA9461005EC806 /* Release */ = {
			isa = XCBuildConfiguration;
			buildSettings = {
				ALWAYS_SEARCH_USER_PATHS = NO;
				CLANG_ANALYZER_NONNULL = YES;
				CLANG_CXX_LANGUAGE_STANDARD = "gnu++0x";
				CLANG_CXX_LIBRARY = "libc++";
				CLANG_ENABLE_MODULES = YES;
				CLANG_ENABLE_OBJC_ARC = YES;
				CLANG_WARN_BOOL_CONVERSION = YES;
				CLANG_WARN_CONSTANT_CONVERSION = YES;
				CLANG_WARN_DIRECT_OBJC_ISA_USAGE = YES_ERROR;
				CLANG_WARN_DOCUMENTATION_COMMENTS = YES;
				CLANG_WARN_EMPTY_BODY = YES;
				CLANG_WARN_ENUM_CONVERSION = YES;
				CLANG_WARN_INFINITE_RECURSION = YES;
				CLANG_WARN_INT_CONVERSION = YES;
				CLANG_WARN_OBJC_ROOT_CLASS = YES_ERROR;
				CLANG_WARN_SUSPICIOUS_MOVES = YES;
				CLANG_WARN_UNREACHABLE_CODE = YES;
				CLANG_WARN__DUPLICATE_METHOD_MATCH = YES;
				"CODE_SIGN_IDENTITY[sdk=iphoneos*]" = "iPhone Developer";
				COPY_PHASE_STRIP = NO;
				DEBUG_INFORMATION_FORMAT = "dwarf-with-dsym";
				ENABLE_NS_ASSERTIONS = NO;
				ENABLE_STRICT_OBJC_MSGSEND = YES;
				GCC_C_LANGUAGE_STANDARD = gnu99;
				GCC_NO_COMMON_BLOCKS = YES;
				GCC_WARN_64_TO_32_BIT_CONVERSION = YES;
				GCC_WARN_ABOUT_RETURN_TYPE = YES_ERROR;
				GCC_WARN_UNDECLARED_SELECTOR = YES;
				GCC_WARN_UNINITIALIZED_AUTOS = YES_AGGRESSIVE;
				GCC_WARN_UNUSED_FUNCTION = YES;
				GCC_WARN_UNUSED_VARIABLE = YES;
				IPHONEOS_DEPLOYMENT_TARGET = 10.0;
				MTL_ENABLE_DEBUG_INFO = NO;
				SDKROOT = iphoneos;
				SWIFT_OPTIMIZATION_LEVEL = "-Owholemodule";
				TARGETED_DEVICE_FAMILY = "1,2";
				VALIDATE_PRODUCT = YES;
			};
			name = Release;
		};
		AF5DA3B01DDA9461005EC806 /* Debug */ = {
			isa = XCBuildConfiguration;
			buildSettings = {
				ASSETCATALOG_COMPILER_APPICON_NAME = AppIcon;
				DEVELOPMENT_TEAM = 795UB8J9XW;
				INFOPLIST_FILE = MiraclePill/Info.plist;
				LD_RUNPATH_SEARCH_PATHS = "$(inherited) @executable_path/Frameworks";
				PRODUCT_BUNDLE_IDENTIFIER = com.HiT.MiraclePill;
				PRODUCT_NAME = "$(TARGET_NAME)";
				SWIFT_VERSION = 3.0;
			};
			name = Debug;
		};
		AF5DA3B11DDA9461005EC806 /* Release */ = {
			isa = XCBuildConfiguration;
			buildSettings = {
				ASSETCATALOG_COMPILER_APPICON_NAME = AppIcon;
				DEVELOPMENT_TEAM = 795UB8J9XW;
				INFOPLIST_FILE = MiraclePill/Info.plist;
				LD_RUNPATH_SEARCH_PATHS = "$(inherited) @executable_path/Frameworks";
				PRODUCT_BUNDLE_IDENTIFIER = com.HiT.MiraclePill;
				PRODUCT_NAME = "$(TARGET_NAME)";
				SWIFT_VERSION = 3.0;
			};
			name = Release;
		};
/* End XCBuildConfiguration section */

/* Begin XCConfigurationList section */
		AF5DA3981DDA9461005EC806 /* Build configuration list for PBXProject "MiraclePill" */ = {
			isa = XCConfigurationList;
			buildConfigurations = (
				AF5DA3AD1DDA9461005EC806 /* Debug */,
				AF5DA3AE1DDA9461005EC806 /* Release */,
			);
			defaultConfigurationIsVisible = 0;
			defaultConfigurationName = Release;
		};
		AF5DA3AF1DDA9461005EC806 /* Build configuration list for PBXNativeTarget "MiraclePill" */ = {
			isa = XCConfigurationList;
			buildConfigurations = (
				AF5DA3B01DDA9461005EC806 /* Debug */,
				AF5DA3B11DDA9461005EC806 /* Release */,
			);
			defaultConfigurationIsVisible = 0;
		};
/* End XCConfigurationList section */
	};
	rootObject = AF5DA3951DDA9461005EC806 /* Project object */;
}
